
Microsoft Visual Studio Solution File, Format Version 12.00
# Visual Studio Version 17
VisualStudioVersion = 17.11.35312.102
MinimumVisualStudioVersion = 10.0.40219.1
Project("{FAE04EC0-301F-11D3-BF4B-00C04F79EFBC}") = "Chesslogic", "Chesslogic\Chesslogic.csproj", "{5F7B9722-4E1F-4D61-A255-EFD4171967EF}"
EndProject
Project("{FAE04EC0-301F-11D3-BF4B-00C04F79EFBC}") = "Chessui", "Chessui\Chessui.csproj", "{6849C719-D958-4332-9077-15BD893A099F}"
EndProject
Global
	GlobalSection(SolutionConfigurationPlatforms) = preSolution
		Debug|Any CPU = Debug|Any CPU
		Release|Any CPU = Release|Any CPU
	EndGlobalSection
	GlobalSection(ProjectConfigurationPlatforms) = postSolution
		{5F7B9722-4E1F-4D61-A255-EFD4171967EF}.Debug|Any CPU.ActiveCfg = Debug|Any CPU
		{5F7B9722-4E1F-4D61-A255-EFD4171967EF}.Debug|Any CPU.Build.0 = Debug|Any CPU
		{5F7B9722-4E1F-4D61-A255-EFD4171967EF}.Release|Any CPU.ActiveCfg = Release|Any CPU
		{5F7B9722-4E1F-4D61-A255-EFD4171967EF}.Release|Any CPU.Build.0 = Release|Any CPU
		{6849C719-D958-4332-9077-15BD893A099F}.Debug|Any CPU.ActiveCfg = Debug|Any CPU
		{6849C719-D958-4332-9077-15BD893A099F}.Debug|Any CPU.Build.0 = Debug|Any CPU
		{6849C719-D958-4332-9077-15BD893A099F}.Release|Any CPU.ActiveCfg = Release|Any CPU
		{6849C719-D958-4332-9077-15BD893A099F}.Release|Any CPU.Build.0 = Release|Any CPU
	EndGlobalSection
	GlobalSection(SolutionProperties) = preSolution
		HideSolutionNode = FALSE
	EndGlobalSection
	GlobalSection(ExtensibilityGlobals) = postSolution
		SolutionGuid = {92A9A3F0-F735-4910-8D98-12805D17D2C5}
	EndGlobalSection
EndGlobal
